
Microsoft Visual Studio Solution File, Format Version 12.00
# Visual Studio 14
VisualStudioVersion = 14.0.25420.1
MinimumVisualStudioVersion = 10.0.40219.1
Project("{FAE04EC0-301F-11D3-BF4B-00C04F79EFBC}") = "UsePlugin", "UsePlugin\UsePlugin.csproj", "{B3AD798E-E61F-43E4-B8C4-861E9391BA71}"
EndProject
Project("{FAE04EC0-301F-11D3-BF4B-00C04F79EFBC}") = "Plugin", "Plugin\Plugin.csproj", "{284D5D12-389A-4B9D-9747-6C12DA691619}"
EndProject
Global
	GlobalSection(SolutionConfigurationPlatforms) = preSolution
		Debug|Any CPU = Debug|Any CPU
		Release|Any CPU = Release|Any CPU
	EndGlobalSection
	GlobalSection(ProjectConfigurationPlatforms) = postSolution
		{B3AD798E-E61F-43E4-B8C4-861E9391BA71}.Debug|Any CPU.ActiveCfg = Debug|Any CPU
		{B3AD798E-E61F-43E4-B8C4-861E9391BA71}.Debug|Any CPU.Build.0 = Debug|Any CPU
		{B3AD798E-E61F-43E4-B8C4-861E9391BA71}.Release|Any CPU.ActiveCfg = Release|Any CPU
		{B3AD798E-E61F-43E4-B8C4-861E9391BA71}.Release|Any CPU.Build.0 = Release|Any CPU
		{284D5D12-389A-4B9D-9747-6C12DA691619}.Debug|Any CPU.ActiveCfg = Debug|Any CPU
		{284D5D12-389A-4B9D-9747-6C12DA691619}.Debug|Any CPU.Build.0 = Debug|Any CPU
		{284D5D12-389A-4B9D-9747-6C12DA691619}.Release|Any CPU.ActiveCfg = Release|Any CPU
		{284D5D12-389A-4B9D-9747-6C12DA691619}.Release|Any CPU.Build.0 = Release|Any CPU
	EndGlobalSection
	GlobalSection(SolutionProperties) = preSolution
		HideSolutionNode = FALSE
	EndGlobalSection
EndGlobal
